Microsoft Visual Studio Solution File, Format Version 8.00
Project("{FAE04EC0-301F-11D3-BF4B-00C04F79EFBC}") = "Steamengine", "Steamengine.csproj", "{BD9C1AF3-292B-401D-BA76-F9C2B6503E3F}"
	ProjectSection(ProjectDependencies) = postProject
		{AA8584B5-03B4-4EE0-9345-885D6CF550A8} = {AA8584B5-03B4-4EE0-9345-885D6CF550A8}
	EndProjectSection
EndProject
Project("{FAE04EC0-301F-11D3-BF4B-00C04F79EFBC}") = "Common", "Common.csproj", "{AA8584B5-03B4-4EE0-9345-885D6CF550A8}"
	ProjectSection(ProjectDependencies) = postProject
	EndProjectSection
EndProject
Project("{FAE04EC0-301F-11D3-BF4B-00C04F79EFBC}") = "Scripts", "Scripts.csproj", "{69DBC534-CB41-450F-AF83-0F95BD8762C4}"
	ProjectSection(ProjectDependencies) = postProject
		{AA8584B5-03B4-4EE0-9345-885D6CF550A8} = {AA8584B5-03B4-4EE0-9345-885D6CF550A8}
		{BD9C1AF3-292B-401D-BA76-F9C2B6503E3F} = {BD9C1AF3-292B-401D-BA76-F9C2B6503E3F}
	EndProjectSection
EndProject
Project("{FAE04EC0-301F-11D3-BF4B-00C04F79EFBC}") = "WinConsole", "WinConsole.csproj", "{F4133814-1B38-467C-A5DF-526483DF173B}"
	ProjectSection(ProjectDependencies) = postProject
		{AA8584B5-03B4-4EE0-9345-885D6CF550A8} = {AA8584B5-03B4-4EE0-9345-885D6CF550A8}
	EndProjectSection
EndProject
Project("{FAE04EC0-301F-11D3-BF4B-00C04F79EFBC}") = "WebServer", "WebServer.csproj", "{3F7AF380-77F9-4F80-8CE5-789C8651B5F5}"
	ProjectSection(ProjectDependencies) = postProject
		{AA8584B5-03B4-4EE0-9345-885D6CF550A8} = {AA8584B5-03B4-4EE0-9345-885D6CF550A8}
	EndProjectSection
EndProject
Project("{FAE04EC0-301F-11D3-BF4B-00C04F79EFBC}") = "Converter", "Converter.csproj", "{9990A93B-1DC3-4E01-A358-0090908A1C32}"
	ProjectSection(ProjectDependencies) = postProject
		{F4133814-1B38-467C-A5DF-526483DF173B} = {F4133814-1B38-467C-A5DF-526483DF173B}
		{69DBC534-CB41-450F-AF83-0F95BD8762C4} = {69DBC534-CB41-450F-AF83-0F95BD8762C4}
		{AA8584B5-03B4-4EE0-9345-885D6CF550A8} = {AA8584B5-03B4-4EE0-9345-885D6CF550A8}
		{BD9C1AF3-292B-401D-BA76-F9C2B6503E3F} = {BD9C1AF3-292B-401D-BA76-F9C2B6503E3F}
	EndProjectSection
EndProject
Global
	GlobalSection(SolutionConfiguration) = preSolution
		Debug = Debug
	EndGlobalSection
	GlobalSection(ProjectConfiguration) = postSolution
		{BD9C1AF3-292B-401D-BA76-F9C2B6503E3F}.Debug.ActiveCfg = Debug|.NET
		{BD9C1AF3-292B-401D-BA76-F9C2B6503E3F}.Debug.Build.0 = Debug|.NET
		{AA8584B5-03B4-4EE0-9345-885D6CF550A8}.Debug.ActiveCfg = Debug|.NET
		{AA8584B5-03B4-4EE0-9345-885D6CF550A8}.Debug.Build.0 = Debug|.NET
		{69DBC534-CB41-450F-AF83-0F95BD8762C4}.Debug.ActiveCfg = Debug|.NET
		{F4133814-1B38-467C-A5DF-526483DF173B}.Debug.ActiveCfg = Debug|.NET
		{F4133814-1B38-467C-A5DF-526483DF173B}.Debug.Build.0 = Debug|.NET
		{3F7AF380-77F9-4F80-8CE5-789C8651B5F5}.Debug.ActiveCfg = Debug|.NET
		{9990A93B-1DC3-4E01-A358-0090908A1C32}.Debug.ActiveCfg = Debug|.NET
		{9990A93B-1DC3-4E01-A358-0090908A1C32}.Debug.Build.0 = Debug|.NET
	EndGlobalSection
	GlobalSection(ExtensibilityGlobals) = postSolution
	EndGlobalSection
	GlobalSection(ExtensibilityAddIns) = postSolution
	EndGlobalSection
EndGlobal
