
Microsoft Visual Studio Solution File, Format Version 9.00
# Visual Studio 2005
Project("{FAE04EC0-301F-11D3-BF4B-00C04F79EFBC}") = "MD-Common", "..\..\Common\MD-Common.csproj", "{7B3428BD-F9AF-448E-92BB-85A72505DF50}"
EndProject
Project("{FAE04EC0-301F-11D3-BF4B-00C04F79EFBC}") = "MD-Communication", "..\..\Communication\MD-Communication.csproj", "{42DC5FFC-D58D-48B2-8035-3123D4F0A84F}"
EndProject
Project("{FAE04EC0-301F-11D3-BF4B-00C04F79EFBC}") = "MD-GameCore", "..\..\GameCore\MD-GameCore.csproj", "{91710DA9-56BA-44A1-8E86-9A8EAFCDE88A}"
EndProject
Project("{FAE04EC0-301F-11D3-BF4B-00C04F79EFBC}") = "MD-AuxiliaryServer", "..\..\AuxiliaryServer\MD-AuxiliaryServer.csproj", "{7CD301E4-8009-444F-9044-CB70ACC48842}"
EndProject
Project("{FAE04EC0-301F-11D3-BF4B-00C04F79EFBC}") = "MD-RemoteConsole", "..\..\RemoteConsole\MD-RemoteConsole.csproj", "{6718EF12-0F18-4B79-848E-41BAA3B7788D}"
EndProject
Project("{FAE04EC0-301F-11D3-BF4B-00C04F79EFBC}") = "MD-ProcessRestarter", "..\..\ProcessRestarter\MD-ProcessRestarter.csproj", "{0A6BEB83-CF08-4946-BA88-2A74480F9777}"
EndProject
Project("{FAE04EC0-301F-11D3-BF4B-00C04F79EFBC}") = "MD-Generated", "..\..\bin\Generated\MD-Generated.csproj", "{36CC1B5F-5F1B-406D-AE88-2DC3762CBDB5}"
EndProject
Project("{FAE04EC0-301F-11D3-BF4B-00C04F79EFBC}") = "MD-Scripts", "..\..\scripts\MD-Scripts.csproj", "{C70C4C3E-FEC0-47BB-BB30-608951B723D5}"
EndProject
Global
	GlobalSection(SolutionConfigurationPlatforms) = preSolution
		Debug|Any CPU = Debug|Any CPU
		Release|Any CPU = Release|Any CPU
	EndGlobalSection
	GlobalSection(ProjectConfigurationPlatforms) = postSolution
		{0A6BEB83-CF08-4946-BA88-2A74480F9777}.Debug|Any CPU.ActiveCfg = Debug|Any CPU
		{0A6BEB83-CF08-4946-BA88-2A74480F9777}.Debug|Any CPU.Build.0 = Debug|Any CPU
		{0A6BEB83-CF08-4946-BA88-2A74480F9777}.Release|Any CPU.ActiveCfg = Release|Any CPU
		{0A6BEB83-CF08-4946-BA88-2A74480F9777}.Release|Any CPU.Build.0 = Release|Any CPU
		{36CC1B5F-5F1B-406D-AE88-2DC3762CBDB5}.Debug|Any CPU.ActiveCfg = Debug|Any CPU
		{36CC1B5F-5F1B-406D-AE88-2DC3762CBDB5}.Debug|Any CPU.Build.0 = Debug|Any CPU
		{36CC1B5F-5F1B-406D-AE88-2DC3762CBDB5}.Release|Any CPU.ActiveCfg = Release|Any CPU
		{36CC1B5F-5F1B-406D-AE88-2DC3762CBDB5}.Release|Any CPU.Build.0 = Release|Any CPU
		{42DC5FFC-D58D-48B2-8035-3123D4F0A84F}.Debug|Any CPU.ActiveCfg = Debug|Any CPU
		{42DC5FFC-D58D-48B2-8035-3123D4F0A84F}.Debug|Any CPU.Build.0 = Debug|Any CPU
		{42DC5FFC-D58D-48B2-8035-3123D4F0A84F}.Release|Any CPU.ActiveCfg = Release|Any CPU
		{42DC5FFC-D58D-48B2-8035-3123D4F0A84F}.Release|Any CPU.Build.0 = Release|Any CPU
		{6718EF12-0F18-4B79-848E-41BAA3B7788D}.Debug|Any CPU.ActiveCfg = Debug|Any CPU
		{6718EF12-0F18-4B79-848E-41BAA3B7788D}.Debug|Any CPU.Build.0 = Debug|Any CPU
		{6718EF12-0F18-4B79-848E-41BAA3B7788D}.Release|Any CPU.ActiveCfg = Release|Any CPU
		{6718EF12-0F18-4B79-848E-41BAA3B7788D}.Release|Any CPU.Build.0 = Release|Any CPU
		{7B3428BD-F9AF-448E-92BB-85A72505DF50}.Debug|Any CPU.ActiveCfg = Debug|Any CPU
		{7B3428BD-F9AF-448E-92BB-85A72505DF50}.Debug|Any CPU.Build.0 = Debug|Any CPU
		{7B3428BD-F9AF-448E-92BB-85A72505DF50}.Release|Any CPU.ActiveCfg = Release|Any CPU
		{7B3428BD-F9AF-448E-92BB-85A72505DF50}.Release|Any CPU.Build.0 = Release|Any CPU
		{7CD301E4-8009-444F-9044-CB70ACC48842}.Debug|Any CPU.ActiveCfg = Debug|Any CPU
		{7CD301E4-8009-444F-9044-CB70ACC48842}.Debug|Any CPU.Build.0 = Debug|Any CPU
		{7CD301E4-8009-444F-9044-CB70ACC48842}.Release|Any CPU.ActiveCfg = Release|Any CPU
		{7CD301E4-8009-444F-9044-CB70ACC48842}.Release|Any CPU.Build.0 = Release|Any CPU
		{91710DA9-56BA-44A1-8E86-9A8EAFCDE88A}.Debug|Any CPU.ActiveCfg = Debug|Any CPU
		{91710DA9-56BA-44A1-8E86-9A8EAFCDE88A}.Debug|Any CPU.Build.0 = Debug|Any CPU
		{91710DA9-56BA-44A1-8E86-9A8EAFCDE88A}.Release|Any CPU.ActiveCfg = Release|Any CPU
		{91710DA9-56BA-44A1-8E86-9A8EAFCDE88A}.Release|Any CPU.Build.0 = Release|Any CPU
		{C70C4C3E-FEC0-47BB-BB30-608951B723D5}.Debug|Any CPU.ActiveCfg = Debug|Any CPU
		{C70C4C3E-FEC0-47BB-BB30-608951B723D5}.Debug|Any CPU.Build.0 = Debug|Any CPU
		{C70C4C3E-FEC0-47BB-BB30-608951B723D5}.Release|Any CPU.ActiveCfg = Release|Any CPU
		{C70C4C3E-FEC0-47BB-BB30-608951B723D5}.Release|Any CPU.Build.0 = Release|Any CPU
	EndGlobalSection
	GlobalSection(MonoDevelopProperties) = preSolution
		StartupItem = ..\..\ProcessRestarter\MD-ProcessRestarter.csproj
	EndGlobalSection
	GlobalSection(SolutionProperties) = preSolution
		HideSolutionNode = FALSE
	EndGlobalSection
EndGlobal
